{
  "name": "server",
  "version": "0.0.0",
  "dependencies": {
    "abab": {
      "version": "1.0.3"
    },
    "abbrev": {
      "version": "1.1.0"
    },
    "accept-language-parser": {
      "version": "1.4.1"
    },
    "acorn": {
      "version": "4.0.13"
    },
    "acorn-globals": {
      "version": "3.1.0"
    },
    "ajv": {
      "version": "4.11.8"
    },
    "align-text": {
      "version": "0.1.4"
    },
    "amdefine": {
      "version": "1.0.1"
    },
    "ammo": {
      "version": "1.0.1"
    },
    "ansi-regex": {
      "version": "2.1.1"
    },
    "ansi-styles": {
      "version": "3.2.0"
    },
    "aproba": {
      "version": "1.1.2"
    },
    "are-we-there-yet": {
      "version": "1.1.4"
    },
    "array-equal": {
      "version": "1.0.0"
    },
    "array-find-index": {
      "version": "1.0.2"
    },
    "asn1": {
      "version": "0.2.3"
    },
    "assert-plus": {
      "version": "0.1.5"
    },
    "async": {
      "version": "1.5.2"
    },
    "async-foreach": {
      "version": "0.1.3"
    },
    "asynckit": {
      "version": "0.4.0"
    },
    "atob": {
      "version": "1.1.3"
    },
    "autoprefixer": {
      "version": "7.1.2"
    },
    "aws-sign2": {
      "version": "0.6.0"
    },
    "aws4": {
      "version": "1.6.0"
    },
    "balanced-match": {
      "version": "1.0.0"
    },
    "bcrypt-pbkdf": {
      "version": "1.0.1",
      "optional": true
    },
    "block-stream": {
      "version": "0.0.9"
    },
    "bluebird": {
      "version": "2.10.2"
    },
    "boom": {
      "version": "2.7.0"
    },
    "brace-expansion": {
      "version": "1.1.8"
    },
    "browserslist": {
      "version": "2.2.2"
    },
    "builtin-modules": {
      "version": "1.1.1"
    },
    "bunyan": {
      "version": "1.8.1"
    },
    "bunyan-prettystream": {
      "version": "0.1.3"
    },
    "bunyan-syslog": {
      "version": "0.3.1",
      "from": "git://github.com/mcavage/node-bunyan-syslog.git#9bdb9eb62a763c7d30e032a619138032d5ff8771",
      "resolved": "git://github.com/mcavage/node-bunyan-syslog.git#9bdb9eb62a763c7d30e032a619138032d5ff8771",
      "dependencies": {
        "nan": {
          "version": "2.4.0"
        }
      }
    },
    "camelcase": {
      "version": "1.2.1",
      "optional": true
    },
    "camelcase-keys": {
      "version": "2.1.0",
      "dependencies": {
        "camelcase": {
          "version": "2.1.1"
        }
      }
    },
    "caniuse-lite": {
      "version": "1.0.30000710"
    },
    "caseless": {
      "version": "0.12.0"
    },
    "center-align": {
      "version": "0.1.3",
      "optional": true
    },
    "chalk": {
      "version": "2.0.1"
    },
    "cliui": {
      "version": "2.1.0",
      "optional": true,
      "dependencies": {
        "wordwrap": {
          "version": "0.0.2",
          "optional": true
        }
      }
    },
    "co": {
      "version": "4.6.0"
    },
    "code-point-at": {
      "version": "1.1.0"
    },
    "color-convert": {
      "version": "1.9.0"
    },
    "color-name": {
      "version": "1.1.3"
    },
    "combined-stream": {
      "version": "1.0.5"
    },
    "commander": {
      "version": "2.1.0"
    },
    "concat-map": {
      "version": "0.0.1"
    },
    "console-control-strings": {
      "version": "1.1.0"
    },
    "content-type-parser": {
      "version": "1.0.1"
    },
    "cookies": {
      "version": "0.7.0"
    },
    "core-util-is": {
      "version": "1.0.2"
    },
    "cross-spawn": {
      "version": "3.0.1",
      "dependencies": {
        "lru-cache": {
          "version": "4.1.1"
        }
      }
    },
    "crumb": {
      "version": "5.0.0"
    },
    "cryptiles": {
      "version": "2.0.5"
    },
    "css": {
      "version": "2.2.1",
      "dependencies": {
        "source-map": {
          "version": "0.1.43"
        }
      }
    },
    "css-flip": {
      "version": "0.5.0"
    },
    "cssom": {
      "version": "0.3.2"
    },
    "cssstyle": {
      "version": "0.2.37"
    },
    "currently-unhandled": {
      "version": "0.4.1"
    },
    "dashdash": {
      "version": "1.14.1",
      "dependencies": {
        "assert-plus": {
          "version": "1.0.0"
        }
      }
    },
    "decamelize": {
      "version": "1.2.0"
    },
    "deep-extend": {
      "version": "0.3.3"
    },
    "deep-is": {
      "version": "0.1.3"
    },
    "delayed-stream": {
      "version": "1.0.0"
    },
    "delegates": {
      "version": "1.0.0"
    },
    "depd": {
      "version": "1.1.1"
    },
    "dtrace-provider": {
      "version": "0.6.0",
      "optional": true
    },
    "ecc-jsbn": {
      "version": "0.1.1",
      "optional": true
    },
    "electron-to-chromium": {
      "version": "1.3.17"
    },
    "error-ex": {
      "version": "1.3.1"
    },
    "escape-string-regexp": {
      "version": "1.0.5"
    },
    "escodegen": {
      "version": "1.8.1",
      "dependencies": {
        "source-map": {
          "version": "0.2.0",
          "optional": true
        }
      }
    },
    "esprima": {
      "version": "2.7.3"
    },
    "estraverse": {
      "version": "1.9.3"
    },
    "esutils": {
      "version": "2.0.2"
    },
    "extend": {
      "version": "3.0.1"
    },
    "extsprintf": {
      "version": "1.3.0"
    },
    "fast-levenshtein": {
      "version": "2.0.6"
    },
    "find-up": {
      "version": "1.1.2"
    },
    "forever-agent": {
      "version": "0.6.1"
    },
    "form-data": {
      "version": "2.1.4"
    },
    "fs.realpath": {
      "version": "1.0.0"
    },
    "fstream": {
      "version": "1.0.11"
    },
    "gauge": {
      "version": "2.7.4"
    },
    "gaze": {
      "version": "1.1.2"
    },
    "get-caller-file": {
      "version": "1.0.2"
    },
    "get-stdin": {
      "version": "4.0.1"
    },
    "getpass": {
      "version": "0.1.7",
      "dependencies": {
        "assert-plus": {
          "version": "1.0.0"
        }
      }
    },
    "glob": {
      "version": "6.0.4"
    },
    "globule": {
      "version": "1.2.0",
      "dependencies": {
        "glob": {
          "version": "7.1.2"
        }
      }
    },
    "graceful-fs": {
      "version": "4.1.11"
    },
    "h2o2": {
      "version": "4.0.2"
    },
    "handlebars": {
      "version": "4.0.5",
      "dependencies": {
        "source-map": {
          "version": "0.4.4"
        }
      }
    },
    "hapi": {
      "version": "9.5.1",
      "dependencies": {
        "accept": {
          "version": "1.1.0"
        },
        "ammo": {
          "version": "1.0.1"
        },
        "boom": {
          "version": "2.9.0"
        },
        "call": {
          "version": "2.0.2"
        },
        "catbox": {
          "version": "6.0.0"
        },
        "catbox-memory": {
          "version": "1.1.2"
        },
        "cryptiles": {
          "version": "2.0.5"
        },
        "heavy": {
          "version": "3.0.1"
        },
        "hoek": {
          "version": "2.16.3"
        },
        "iron": {
          "version": "2.1.3"
        },
        "items": {
          "version": "1.1.0"
        },
        "joi": {
          "version": "6.8.1",
          "dependencies": {
            "isemail": {
              "version": "1.2.0"
            },
            "moment": {
              "version": "2.10.6"
            }
          }
        },
        "kilt": {
          "version": "1.1.1"
        },
        "mimos": {
          "version": "2.0.2",
          "dependencies": {
            "mime-db": {
              "version": "1.19.0"
            }
          }
        },
        "peekaboo": {
          "version": "1.0.0"
        },
        "qs": {
          "version": "4.0.0"
        },
        "shot": {
          "version": "1.7.0"
        },
        "statehood": {
          "version": "2.1.1"
        },
        "subtext": {
          "version": "2.0.0",
          "dependencies": {
            "content": {
              "version": "1.0.2"
            },
            "pez": {
              "version": "1.0.0",
              "dependencies": {
                "b64": {
                  "version": "2.0.1"
                },
                "nigel": {
                  "version": "1.0.1",
                  "dependencies": {
                    "vise": {
                      "version": "1.0.0"
                    }
                  }
                }
              }
            },
            "wreck": {
              "version": "6.2.0"
            }
          }
        },
        "topo": {
          "version": "1.1.0"
        }
      }
    },
    "hapi-i18next": {
      "version": "2.0.2",
      "from": "git://github.com/hakubo/hapi-i18next.git#93fec46bb9b44c7f143140542fc1b7a65b250819",
      "resolved": "git://github.com/hakubo/hapi-i18next.git#93fec46bb9b44c7f143140542fc1b7a65b250819"
    },
    "har-schema": {
      "version": "1.0.5"
    },
    "har-validator": {
      "version": "4.2.1"
    },
    "has-ansi": {
      "version": "2.0.0"
    },
    "has-flag": {
      "version": "2.0.0"
    },
    "has-unicode": {
      "version": "2.0.1"
    },
    "hawk": {
      "version": "3.1.3"
    },
    "hoek": {
      "version": "2.12.0"
    },
    "hosted-git-info": {
      "version": "2.5.0"
    },
    "html-encoding-sniffer": {
      "version": "1.0.1"
    },
    "http-signature": {
      "version": "1.1.1",
      "dependencies": {
        "assert-plus": {
          "version": "0.2.0"
        }
      }
    },
    "http-status-codes": {
      "version": "1.1.6"
    },
    "i18next": {
      "version": "1.10.6"
    },
    "i18next-client": {
      "version": "1.10.3"
    },
    "iconv-lite": {
      "version": "0.4.13"
    },
    "in-publish": {
      "version": "2.0.0"
    },
    "indent-string": {
      "version": "2.1.0"
    },
    "inert": {
      "version": "3.2.0"
    },
    "inflight": {
      "version": "1.0.6"
    },
    "inherits": {
      "version": "2.0.3"
    },
    "invert-kv": {
      "version": "1.0.0"
    },
    "is-arrayish": {
      "version": "0.2.1"
    },
    "is-buffer": {
      "version": "1.1.5"
    },
    "is-builtin-module": {
      "version": "1.0.0"
    },
    "is-finite": {
      "version": "1.0.2"
    },
    "is-fullwidth-code-point": {
      "version": "1.0.0"
    },
    "is-typedarray": {
      "version": "1.0.0"
    },
    "is-utf8": {
      "version": "0.2.1"
    },
    "isarray": {
      "version": "1.0.0"
    },
    "isemail": {
      "version": "1.2.0"
    },
    "isexe": {
      "version": "2.0.0"
    },
    "isstream": {
      "version": "0.1.2"
    },
    "items": {
      "version": "1.1.1"
    },
    "joi": {
      "version": "6.10.1"
    },
    "js-base64": {
      "version": "2.1.9"
    },
    "jsbn": {
      "version": "0.1.1",
      "optional": true
    },
    "jsdom": {
      "version": "9.11.0"
    },
    "json-schema": {
      "version": "0.2.3"
    },
    "json-stable-stringify": {
      "version": "1.0.1"
    },
    "json-stringify-safe": {
      "version": "5.0.1"
    },
    "json5": {
      "version": "0.2.0"
    },
    "jsonify": {
      "version": "0.0.0"
    },
    "jsprim": {
      "version": "1.4.1",
      "dependencies": {
        "assert-plus": {
          "version": "1.0.0"
        }
      }
    },
    "keygrip": {
      "version": "1.0.1"
    },
    "kind-of": {
      "version": "3.2.2"
    },
    "lazy-cache": {
      "version": "1.0.4",
      "optional": true
    },
    "lcid": {
      "version": "1.0.0"
    },
    "levn": {
      "version": "0.3.0"
    },
    "load-json-file": {
      "version": "1.1.0"
    },
    "lodash": {
      "version": "4.17.4"
    },
    "lodash.assign": {
      "version": "4.2.0"
    },
    "lodash.clonedeep": {
      "version": "4.5.0"
    },
    "lodash.mergewith": {
      "version": "4.6.0"
    },
    "longest": {
      "version": "1.0.1"
    },
    "loud-rejection": {
      "version": "1.6.0"
    },
    "lru-cache": {
      "version": "2.7.3"
    },
    "map-obj": {
      "version": "1.0.1"
    },
    "meow": {
      "version": "3.7.0",
      "dependencies": {
        "minimist": {
          "version": "1.2.0"
        }
      }
    },
    "mime-db": {
      "version": "1.29.0"
    },
    "mime-types": {
      "version": "2.1.16"
    },
    "minimatch": {
      "version": "3.0.4"
    },
    "minimist": {
      "version": "0.0.8"
    },
    "mkdirp": {
      "version": "0.5.1"
    },
    "mobile-detect": {
      "version": "1.3.5"
    },
    "moment": {
      "version": "2.18.1"
    },
    "mv": {
      "version": "2.1.1",
      "optional": true
    },
    "nan": {
      "version": "2.6.2"
    },
    "ncp": {
      "version": "2.0.0",
      "optional": true
    },
    "newrelic": {
      "version": "1.25.1",
      "dependencies": {
        "concat-stream": {
          "version": "1.5.1",
          "dependencies": {
            "inherits": {
              "version": "2.0.1"
            },
            "readable-stream": {
              "version": "2.0.5",
              "dependencies": {
                "core-util-is": {
                  "version": "1.0.2"
                },
                "isarray": {
                  "version": "0.0.1"
                },
                "process-nextick-args": {
                  "version": "1.0.6"
                },
                "string_decoder": {
                  "version": "0.10.31"
                },
                "util-deprecate": {
                  "version": "1.0.2"
                }
              }
            },
            "typedarray": {
              "version": "0.0.6"
            }
          }
        },
        "https-proxy-agent": {
          "version": "0.3.6",
          "dependencies": {
            "agent-base": {
              "version": "1.0.2"
            },
            "debug": {
              "version": "2.2.0",
              "dependencies": {
                "ms": {
                  "version": "0.7.1"
                }
              }
            },
            "extend": {
              "version": "3.0.0"
            }
          }
        },
        "json-stringify-safe": {
          "version": "5.0.1"
        },
        "readable-stream": {
          "version": "1.1.13",
          "dependencies": {
            "core-util-is": {
              "version": "1.0.2"
            },
            "inherits": {
              "version": "2.0.1"
            },
            "isarray": {
              "version": "0.0.1"
            },
            "string_decoder": {
              "version": "0.10.31"
            }
          }
        },
        "semver": {
          "version": "4.3.6"
        },
        "yakaa": {
          "version": "1.0.1"
        }
      }
    },
    "node-esapi": {
      "version": "0.0.1"
    },
    "node-gyp": {
      "version": "3.6.2",
      "dependencies": {
        "glob": {
          "version": "7.1.2"
        },
        "semver": {
          "version": "5.3.0"
        }
      }
    },
    "node-sass": {
      "version": "4.5.3",
      "dependencies": {
        "ansi-styles": {
          "version": "2.2.1"
        },
        "chalk": {
          "version": "1.1.3"
        },
        "glob": {
          "version": "7.1.2"
        },
        "supports-color": {
          "version": "2.0.0"
        }
      }
    },
    "node-uuid": {
      "version": "1.4.7"
    },
    "nopt": {
      "version": "3.0.6"
    },
    "normalize-package-data": {
      "version": "2.4.0"
    },
    "normalize-range": {
      "version": "0.1.2"
    },
    "npmlog": {
      "version": "4.1.2"
    },
    "num2fraction": {
      "version": "1.2.2"
    },
    "number-is-nan": {
      "version": "1.0.1"
    },
    "nwmatcher": {
      "version": "1.4.1"
    },
    "oauth-sign": {
      "version": "0.8.2"
    },
    "object-assign": {
      "version": "4.1.1"
    },
    "once": {
      "version": "1.4.0"
    },
    "optimist": {
      "version": "0.6.1"
    },
    "optionator": {
      "version": "0.8.2",
      "dependencies": {
        "wordwrap": {
          "version": "1.0.0"
        }
      }
    },
    "os-homedir": {
      "version": "1.0.2"
    },
    "os-locale": {
      "version": "1.4.0"
    },
    "os-tmpdir": {
      "version": "1.0.2"
    },
    "osenv": {
      "version": "0.1.4"
    },
    "parse-json": {
      "version": "2.2.0"
    },
    "parse5": {
      "version": "1.5.1"
    },
    "path-exists": {
      "version": "2.1.0"
    },
    "path-is-absolute": {
      "version": "1.0.1"
    },
    "path-type": {
      "version": "1.1.0"
    },
    "performance-now": {
      "version": "0.2.0"
    },
    "pify": {
      "version": "2.3.0"
    },
    "pinkie": {
      "version": "2.0.4"
    },
    "pinkie-promise": {
      "version": "2.0.1"
    },
    "postcss": {
      "version": "6.0.8"
    },
    "postcss-value-parser": {
      "version": "3.3.0"
    },
    "prelude-ls": {
      "version": "1.1.2"
    },
    "process-nextick-args": {
      "version": "1.0.7"
    },
    "pseudomap": {
      "version": "1.0.2"
    },
    "punycode": {
      "version": "1.4.1"
    },
    "qs": {
      "version": "6.4.0"
    },
    "read-pkg": {
      "version": "1.1.0"
    },
    "read-pkg-up": {
      "version": "1.0.1"
    },
    "readable-stream": {
      "version": "2.3.3"
    },
    "redent": {
      "version": "1.0.0"
    },
    "repeat-string": {
      "version": "1.6.1"
    },
    "repeating": {
      "version": "2.0.1"
    },
    "request": {
      "version": "2.81.0",
      "dependencies": {
        "uuid": {
          "version": "3.1.0"
        }
      }
    },
    "require-directory": {
      "version": "2.1.1"
    },
    "require-main-filename": {
      "version": "1.0.1"
    },
    "resolve-url": {
      "version": "0.2.1"
    },
    "right-align": {
      "version": "0.1.3",
      "optional": true
    },
    "rimraf": {
      "version": "2.4.5"
    },
    "safe-buffer": {
      "version": "5.1.1"
    },
    "safe-json-stringify": {
      "version": "1.0.4",
      "optional": true
    },
    "sass-graph": {
      "version": "2.2.4",
      "dependencies": {
        "camelcase": {
          "version": "3.0.0"
        },
        "cliui": {
          "version": "3.2.0"
        },
        "glob": {
          "version": "7.1.2"
        },
        "yargs": {
          "version": "7.1.0"
        }
      }
    },
    "sax": {
      "version": "1.2.4"
    },
    "scss-tokenizer": {
      "version": "0.2.3",
      "dependencies": {
        "source-map": {
          "version": "0.4.4"
        }
      }
    },
    "semver": {
      "version": "5.4.1"
    },
    "set-blocking": {
      "version": "2.0.0"
    },
    "signal-exit": {
      "version": "3.0.2"
    },
    "sntp": {
      "version": "1.0.9"
    },
    "source-map": {
      "version": "0.5.6"
    },
    "source-map-resolve": {
      "version": "0.3.1"
    },
    "source-map-url": {
      "version": "0.3.0"
    },
    "spdx-correct": {
      "version": "1.0.2"
    },
    "spdx-expression-parse": {
      "version": "1.0.4"
    },
    "spdx-license-ids": {
      "version": "1.2.2"
    },
    "sshpk": {
      "version": "1.13.1",
      "dependencies": {
        "assert-plus": {
          "version": "1.0.0"
        }
      }
    },
    "stdout-stream": {
      "version": "1.4.0"
    },
    "string_decoder": {
      "version": "1.0.3"
    },
    "string-width": {
      "version": "1.0.2"
    },
    "stringstream": {
      "version": "0.0.5"
    },
    "strip-ansi": {
      "version": "3.0.1"
    },
    "strip-bom": {
      "version": "2.0.0"
    },
    "strip-indent": {
      "version": "1.0.1"
    },
    "supports-color": {
      "version": "4.2.1"
    },
    "symbol-tree": {
      "version": "3.2.2"
    },
    "tar": {
      "version": "2.2.1"
    },
    "topo": {
      "version": "1.1.0"
    },
    "tough-cookie": {
      "version": "2.3.2"
    },
    "tr46": {
      "version": "0.0.3"
    },
    "trim-newlines": {
      "version": "1.0.0"
    },
    "tunnel-agent": {
      "version": "0.6.0"
    },
    "tweetnacl": {
      "version": "0.14.5",
      "optional": true
    },
    "type-check": {
      "version": "0.3.2"
    },
    "uglify-js": {
      "version": "2.8.29",
      "optional": true
    },
    "uglify-to-browserify": {
      "version": "1.0.2",
      "optional": true
    },
    "urix": {
      "version": "0.1.0"
    },
    "util-deprecate": {
      "version": "1.0.2"
    },
    "validate-npm-package-license": {
      "version": "3.0.1"
    },
    "verror": {
      "version": "1.10.0",
      "dependencies": {
        "assert-plus": {
          "version": "1.0.0"
        }
      }
    },
    "vignette": {
      "version": "2.6.0",
      "from": "git://github.com/wikia/vignette-js.git#eee2ca0a1ca72303837aaaf0cc049610b69e33cf",
      "resolved": "git://github.com/wikia/vignette-js.git#eee2ca0a1ca72303837aaaf0cc049610b69e33cf"
    },
    "vision": {
      "version": "3.0.0"
    },
    "webidl-conversions": {
      "version": "4.0.1"
    },
    "whatwg-encoding": {
      "version": "1.0.1"
    },
    "whatwg-url": {
      "version": "4.8.0",
      "dependencies": {
        "webidl-conversions": {
          "version": "3.0.1"
        }
      }
    },
    "which": {
      "version": "1.3.0"
    },
    "which-module": {
      "version": "1.0.0"
    },
    "wide-align": {
      "version": "1.1.2"
    },
    "window-size": {
      "version": "0.1.0",
      "optional": true
    },
    "wordwrap": {
      "version": "0.0.3"
    },
    "wrap-ansi": {
      "version": "2.1.0"
    },
    "wrappy": {
      "version": "1.0.2"
    },
    "wreck": {
      "version": "6.3.0"
    },
    "xml-name-validator": {
      "version": "2.0.1"
    },
    "y18n": {
      "version": "3.2.1"
    },
    "yallist": {
      "version": "2.1.2"
    },
    "yargs": {
      "version": "3.10.0",
      "optional": true
    },
    "yargs-parser": {
      "version": "5.0.0",
      "dependencies": {
        "camelcase": {
          "version": "3.0.0"
        }
      }
    }
  }
}